
Microsoft Visual Studio Solution File, Format Version 12.00
# Visual Studio Version 16
VisualStudioVersion = 16.0.33027.164
MinimumVisualStudioVersion = 10.0.40219.1
Project("{FAE04EC0-301F-11D3-BF4B-00C04F79EFBC}") = "CryptageNathanM5TI", "CryptageNathanM5TI\CryptageNathanM5TI.csproj", "{4BC95AC1-EB2B-4D35-9D4D-2798CB890A2C}"
EndProject
Global
	GlobalSection(SolutionConfigurationPlatforms) = preSolution
		Debug|Any CPU = Debug|Any CPU
		Release|Any CPU = Release|Any CPU
	EndGlobalSection
	GlobalSection(ProjectConfigurationPlatforms) = postSolution
		{4BC95AC1-EB2B-4D35-9D4D-2798CB890A2C}.Debug|Any CPU.ActiveCfg = Debug|Any CPU
		{4BC95AC1-EB2B-4D35-9D4D-2798CB890A2C}.Debug|Any CPU.Build.0 = Debug|Any CPU
		{4BC95AC1-EB2B-4D35-9D4D-2798CB890A2C}.Release|Any CPU.ActiveCfg = Release|Any CPU
		{4BC95AC1-EB2B-4D35-9D4D-2798CB890A2C}.Release|Any CPU.Build.0 = Release|Any CPU
	EndGlobalSection
	GlobalSection(SolutionProperties) = preSolution
		HideSolutionNode = FALSE
	EndGlobalSection
	GlobalSection(ExtensibilityGlobals) = postSolution
		SolutionGuid = {74CF9B45-73E2-4852-929E-C08B066214DA}
	EndGlobalSection
EndGlobal
